{
  "requires": true,
  "lockfileVersion": 1,
  "dependencies": {
    "nge-slides": {
      "version": "0.1.3",
      "resolved": "https://registry.npmjs.org/nge-slides/-/nge-slides-0.1.3.tgz",
      "integrity": "sha512-fEQIVKqsIs9+pLpLXBtfXCQFsUaTJFdgOf4iJPkAIiZgfaP1fydll/GBevmC/vZh04ivB0O9MOZCe44NicebAw=="
    }
  }
}
